// !$*UTF8*$!
{
	archiveVersion = 1;
	classes = {
	};
	objectVersion = 50;
	objects = {

/* Begin PBXBuildFile section */
		0F812011226D621E00324330 /* FSMainViewController.swift in Sources */ = {isa = PBXBuildFile; fileRef = 0F81200F226D621E00324330 /* FSMainViewController.swift */; };
		0F812014226D624900324330 /* Main.storyboard in Resources */ = {isa = PBXBuildFile; fileRef = 0F812012226D624900324330 /* Main.storyboard */; };
		0F81201B226D630C00324330 /* Home.storyboard in Resources */ = {isa = PBXBuildFile; fileRef = 0F812019226D630C00324330 /* Home.storyboard */; };
		0F81201D226D69A900324330 /* FSHomeVC.swift in Sources */ = {isa = PBXBuildFile; fileRef = 0F81201C226D69A900324330 /* FSHomeVC.swift */; };
		0F812028226D83D600324330 /* UIBarButtonItem-Extension.swift in Sources */ = {isa = PBXBuildFile; fileRef = 0F812027226D83D600324330 /* UIBarButtonItem-Extension.swift */; };
		0F81202A226D85D600324330 /* FSPageTitleView.swift in Sources */ = {isa = PBXBuildFile; fileRef = 0F812029226D85D600324330 /* FSPageTitleView.swift */; };
		0F81202C226D8AF600324330 /* Common.swift in Sources */ = {isa = PBXBuildFile; fileRef = 0F81202B226D8AF600324330 /* Common.swift */; };
		0F81202E226DA77700324330 /* FSPageContentView.swift in Sources */ = {isa = PBXBuildFile; fileRef = 0F81202D226DA77700324330 /* FSPageContentView.swift */; };
		0F812030226DADF500324330 /* UIColor-Extension.swift in Sources */ = {isa = PBXBuildFile; fileRef = 0F81202F226DADF500324330 /* UIColor-Extension.swift */; };
		0F8BE0E4226C2555001CE3A3 /* AppDelegate.swift in Sources */ = {isa = PBXBuildFile; fileRef = 0F8BE0E3226C2555001CE3A3 /* AppDelegate.swift */; };
		0F8BE0EB226C2557001CE3A3 /* Assets.xcassets in Resources */ = {isa = PBXBuildFile; fileRef = 0F8BE0EA226C2557001CE3A3 /* Assets.xcassets */; };
		0F8BE0EE226C2557001CE3A3 /* LaunchScreen.storyboard in Resources */ = {isa = PBXBuildFile; fileRef = 0F8BE0EC226C2557001CE3A3 /* LaunchScreen.storyboard */; };
		0FAE920922702523007FCC40 /* FSCollectionNormalCell.swift in Sources */ = {isa = PBXBuildFile; fileRef = 0FAE920722702523007FCC40 /* FSCollectionNormalCell.swift */; };
		0FAE920A22702523007FCC40 /* FSCollectionNormalCell.xib in Resources */ = {isa = PBXBuildFile; fileRef = 0FAE920822702523007FCC40 /* FSCollectionNormalCell.xib */; };
		0FAE921022707935007FCC40 /* FSCollectionPrettyCell.swift in Sources */ = {isa = PBXBuildFile; fileRef = 0FAE920E22707935007FCC40 /* FSCollectionPrettyCell.swift */; };
		0FAE921122707935007FCC40 /* FSCollectionPrettyCell.xib in Resources */ = {isa = PBXBuildFile; fileRef = 0FAE920F22707935007FCC40 /* FSCollectionPrettyCell.xib */; };
		0FCC3F92226F1F2E00050CF6 /* FSRecommendVC.swift in Sources */ = {isa = PBXBuildFile; fileRef = 0FCC3F91226F1F2E00050CF6 /* FSRecommendVC.swift */; };
		0FCC3F95226F3EF500050CF6 /* FSCollectionHeaderView.swift in Sources */ = {isa = PBXBuildFile; fileRef = 0FCC3F93226F3EF500050CF6 /* FSCollectionHeaderView.swift */; };
		0FCC3F96226F3EF500050CF6 /* FSCollectionHeaderView.xib in Resources */ = {isa = PBXBuildFile; fileRef = 0FCC3F94226F3EF500050CF6 /* FSCollectionHeaderView.xib */; };
		0FE7B6A2226C9ACF00662872 /* Live.storyboard in Resources */ = {isa = PBXBuildFile; fileRef = 0FE7B6A0226C9ACF00662872 /* Live.storyboard */; };
		0FE7B6A5226C9AF200662872 /* Follow.storyboard in Resources */ = {isa = PBXBuildFile; fileRef = 0FE7B6A3226C9AF200662872 /* Follow.storyboard */; };
		0FE7B6A8226C9B1400662872 /* Profile.storyboard in Resources */ = {isa = PBXBuildFile; fileRef = 0FE7B6A6226C9B1400662872 /* Profile.storyboard */; };
/* End PBXBuildFile section */

/* Begin PBXContainerItemProxy section */
		0F8BE0F5226C2557001CE3A3 /* PBXContainerItemProxy */ = {
			isa = PBXContainerItemProxy;
			containerPortal = 0F8BE0D8226C2555001CE3A3 /* Project object */;
			proxyType = 1;
			remoteGlobalIDString = 0F8BE0DF226C2555001CE3A3;
			remoteInfo = DouYuZhiBo;
		};
		0F8BE100226C2557001CE3A3 /* PBXContainerItemProxy */ = {
			isa = PBXContainerItemProxy;
			containerPortal = 0F8BE0D8226C2555001CE3A3 /* Project object */;
			proxyType = 1;
			remoteGlobalIDString = 0F8BE0DF226C2555001CE3A3;
			remoteInfo = DouYuZhiBo;
		};
/* End PBXContainerItemProxy section */

/* Begin PBXFileReference section */
		0F81200F226D621E00324330 /* FSMainViewController.swift */ = {isa = PBXFileReference; fileEncoding = 4; lastKnownFileType = sourcecode.swift; path = FSMainViewController.swift; sourceTree = "<group>"; };
		0F812013226D624900324330 /* Base */ = {isa = PBXFileReference; lastKnownFileType = file.storyboard; name = Base; path = DouYuZhiBo/Base.lproj/Main.storyboard; sourceTree = SOURCE_ROOT; };
		0F81201A226D630C00324330 /* Base */ = {isa = PBXFileReference; lastKnownFileType = file.storyboard; name = Base; path = DouYuZhiBo/Base.lproj/Home.storyboard; sourceTree = SOURCE_ROOT; };
		0F81201C226D69A900324330 /* FSHomeVC.swift */ = {isa = PBXFileReference; lastKnownFileType = sourcecode.swift; path = FSHomeVC.swift; sourceTree = "<group>"; };
		0F812027226D83D600324330 /* UIBarButtonItem-Extension.swift */ = {isa = PBXFileReference; fileEncoding = 4; lastKnownFileType = sourcecode.swift; path = "UIBarButtonItem-Extension.swift"; sourceTree = "<group>"; };
		0F812029226D85D600324330 /* FSPageTitleView.swift */ = {isa = PBXFileReference; lastKnownFileType = sourcecode.swift; path = FSPageTitleView.swift; sourceTree = "<group>"; };
		0F81202B226D8AF600324330 /* Common.swift */ = {isa = PBXFileReference; lastKnownFileType = sourcecode.swift; path = Common.swift; sourceTree = "<group>"; };
		0F81202D226DA77700324330 /* FSPageContentView.swift */ = {isa = PBXFileReference; lastKnownFileType = sourcecode.swift; path = FSPageContentView.swift; sourceTree = "<group>"; };
		0F81202F226DADF500324330 /* UIColor-Extension.swift */ = {isa = PBXFileReference; lastKnownFileType = sourcecode.swift; path = "UIColor-Extension.swift"; sourceTree = "<group>"; };
		0F8BE0E0226C2555001CE3A3 /* DouYuZhiBo.app */ = {isa = PBXFileReference; explicitFileType = wrapper.application; includeInIndex = 0; path = DouYuZhiBo.app; sourceTree = BUILT_PRODUCTS_DIR; };
		0F8BE0E3226C2555001CE3A3 /* AppDelegate.swift */ = {isa = PBXFileReference; lastKnownFileType = sourcecode.swift; path = AppDelegate.swift; sourceTree = "<group>"; };
		0F8BE0EA226C2557001CE3A3 /* Assets.xcassets */ = {isa = PBXFileReference; lastKnownFileType = folder.assetcatalog; path = Assets.xcassets; sourceTree = "<group>"; };
		0F8BE0ED226C2557001CE3A3 /* Base */ = {isa = PBXFileReference; lastKnownFileType = file.storyboard; name = Base; path = Base.lproj/LaunchScreen.storyboard; sourceTree = "<group>"; };
		0F8BE0EF226C2557001CE3A3 /* Info.plist */ = {isa = PBXFileReference; lastKnownFileType = text.plist.xml; path = Info.plist; sourceTree = "<group>"; };
		0F8BE0F4226C2557001CE3A3 /* DouYuZhiBoTests.xctest */ = {isa = PBXFileReference; explicitFileType = wrapper.cfbundle; includeInIndex = 0; path = DouYuZhiBoTests.xctest; sourceTree = BUILT_PRODUCTS_DIR; };
		0F8BE0FF226C2557001CE3A3 /* DouYuZhiBoUITests.xctest */ = {isa = PBXFileReference; explicitFileType = wrapper.cfbundle; includeInIndex = 0; path = DouYuZhiBoUITests.xctest; sourceTree = BUILT_PRODUCTS_DIR; };
		0FAE920722702523007FCC40 /* FSCollectionNormalCell.swift */ = {isa = PBXFileReference; lastKnownFileType = sourcecode.swift; path = FSCollectionNormalCell.swift; sourceTree = "<group>"; };
		0FAE920822702523007FCC40 /* FSCollectionNormalCell.xib */ = {isa = PBXFileReference; lastKnownFileType = file.xib; path = FSCollectionNormalCell.xib; sourceTree = "<group>"; };
		0FAE920E22707935007FCC40 /* FSCollectionPrettyCell.swift */ = {isa = PBXFileReference; lastKnownFileType = sourcecode.swift; path = FSCollectionPrettyCell.swift; sourceTree = "<group>"; };
		0FAE920F22707935007FCC40 /* FSCollectionPrettyCell.xib */ = {isa = PBXFileReference; lastKnownFileType = file.xib; path = FSCollectionPrettyCell.xib; sourceTree = "<group>"; };
		0FCC3F91226F1F2E00050CF6 /* FSRecommendVC.swift */ = {isa = PBXFileReference; lastKnownFileType = sourcecode.swift; path = FSRecommendVC.swift; sourceTree = "<group>"; };
		0FCC3F93226F3EF500050CF6 /* FSCollectionHeaderView.swift */ = {isa = PBXFileReference; lastKnownFileType = sourcecode.swift; path = FSCollectionHeaderView.swift; sourceTree = "<group>"; };
		0FCC3F94226F3EF500050CF6 /* FSCollectionHeaderView.xib */ = {isa = PBXFileReference; lastKnownFileType = file.xib; path = FSCollectionHeaderView.xib; sourceTree = "<group>"; };
		0FE7B6A1226C9ACF00662872 /* Base */ = {isa = PBXFileReference; lastKnownFileType = file.storyboard; name = Base; path = DouYuZhiBo/Base.lproj/Live.storyboard; sourceTree = SOURCE_ROOT; };
		0FE7B6A4226C9AF200662872 /* Base */ = {isa = PBXFileReference; lastKnownFileType = file.storyboard; name = Base; path = DouYuZhiBo/Base.lproj/Follow.storyboard; sourceTree = SOURCE_ROOT; };
		0FE7B6A7226C9B1400662872 /* Base */ = {isa = PBXFileReference; lastKnownFileType = file.storyboard; name = Base; path = DouYuZhiBo/Base.lproj/Profile.storyboard; sourceTree = SOURCE_ROOT; };
/* End PBXFileReference section */

/* Begin PBXFrameworksBuildPhase section */
		0F8BE0DD226C2555001CE3A3 /* Frameworks */ = {
			isa = PBXFrameworksBuildPhase;
			buildActionMask = 2147483647;
			files = (
			);
			runOnlyForDeploymentPostprocessing = 0;
		};
		0F8BE0F1226C2557001CE3A3 /* Frameworks */ = {
			isa = PBXFrameworksBuildPhase;
			buildActionMask = 2147483647;
			files = (
			);
			runOnlyForDeploymentPostprocessing = 0;
		};
		0F8BE0FC226C2557001CE3A3 /* Frameworks */ = {
			isa = PBXFrameworksBuildPhase;
			buildActionMask = 2147483647;
			files = (
			);
			runOnlyForDeploymentPostprocessing = 0;
		};
/* End PBXFrameworksBuildPhase section */

/* Begin PBXGroup section */
		0F81200D226D621E00324330 /* Model */ = {
			isa = PBXGroup;
			children = (
			);
			path = Model;
			sourceTree = "<group>";
		};
		0F81200E226D621E00324330 /* Controller */ = {
			isa = PBXGroup;
			children = (
				0F812012226D624900324330 /* Main.storyboard */,
				0F81200F226D621E00324330 /* FSMainViewController.swift */,
			);
			path = Controller;
			sourceTree = "<group>";
		};
		0F812010226D621E00324330 /* View */ = {
			isa = PBXGroup;
			children = (
				0F812029226D85D600324330 /* FSPageTitleView.swift */,
				0F81202D226DA77700324330 /* FSPageContentView.swift */,
				0FAE920722702523007FCC40 /* FSCollectionNormalCell.swift */,
				0FAE920822702523007FCC40 /* FSCollectionNormalCell.xib */,
				0FAE920E22707935007FCC40 /* FSCollectionPrettyCell.swift */,
				0FAE920F22707935007FCC40 /* FSCollectionPrettyCell.xib */,
			);
			path = View;
			sourceTree = "<group>";
		};
		0F812015226D62F800324330 /* Home */ = {
			isa = PBXGroup;
			children = (
				0F812017226D62F800324330 /* Model */,
				0F812018226D62F800324330 /* View */,
				0F812016226D62F800324330 /* Controller */,
			);
			path = Home;
			sourceTree = "<group>";
		};
		0F812016226D62F800324330 /* Controller */ = {
			isa = PBXGroup;
			children = (
				0F812019226D630C00324330 /* Home.storyboard */,
				0F81201C226D69A900324330 /* FSHomeVC.swift */,
				0FCC3F91226F1F2E00050CF6 /* FSRecommendVC.swift */,
			);
			path = Controller;
			sourceTree = "<group>";
		};
		0F812017226D62F800324330 /* Model */ = {
			isa = PBXGroup;
			children = (
			);
			path = Model;
			sourceTree = "<group>";
		};
		0F812018226D62F800324330 /* View */ = {
			isa = PBXGroup;
			children = (
				0FCC3F93226F3EF500050CF6 /* FSCollectionHeaderView.swift */,
				0FCC3F94226F3EF500050CF6 /* FSCollectionHeaderView.xib */,
			);
			path = View;
			sourceTree = "<group>";
		};
		0F812023226D7DEC00324330 /* Tools */ = {
			isa = PBXGroup;
			children = (
				0F812026226D83D600324330 /* Extension */,
				0F81202B226D8AF600324330 /* Common.swift */,
			);
			path = Tools;
			sourceTree = "<group>";
		};
		0F812026226D83D600324330 /* Extension */ = {
			isa = PBXGroup;
			children = (
				0F812027226D83D600324330 /* UIBarButtonItem-Extension.swift */,
				0F81202F226DADF500324330 /* UIColor-Extension.swift */,
			);
			path = Extension;
			sourceTree = "<group>";
		};
		0F8BE0D7226C2555001CE3A3 = {
			isa = PBXGroup;
			children = (
				0F8BE0E2226C2555001CE3A3 /* DouYuZhiBo */,
				0F8BE0E1226C2555001CE3A3 /* Products */,
			);
			sourceTree = "<group>";
		};
		0F8BE0E1226C2555001CE3A3 /* Products */ = {
			isa = PBXGroup;
			children = (
				0F8BE0E0226C2555001CE3A3 /* DouYuZhiBo.app */,
				0F8BE0F4226C2557001CE3A3 /* DouYuZhiBoTests.xctest */,
				0F8BE0FF226C2557001CE3A3 /* DouYuZhiBoUITests.xctest */,
			);
			name = Products;
			sourceTree = "<group>";
		};
		0F8BE0E2226C2555001CE3A3 /* DouYuZhiBo */ = {
			isa = PBXGroup;
			children = (
				0FE7B693226C989000662872 /* Classes */,
				0F8BE0E3226C2555001CE3A3 /* AppDelegate.swift */,
				0F8BE0EA226C2557001CE3A3 /* Assets.xcassets */,
				0F8BE0EC226C2557001CE3A3 /* LaunchScreen.storyboard */,
				0F8BE0EF226C2557001CE3A3 /* Info.plist */,
			);
			path = DouYuZhiBo;
			sourceTree = "<group>";
		};
		0FE7B693226C989000662872 /* Classes */ = {
			isa = PBXGroup;
			children = (
				0FE7B699226C989000662872 /* Main */,
				0F812015226D62F800324330 /* Home */,
				0FE7B698226C989000662872 /* Live */,
				0FE7B696226C989000662872 /* Follow */,
				0FE7B697226C989000662872 /* Profile */,
				0F812023226D7DEC00324330 /* Tools */,
			);
			path = Classes;
			sourceTree = "<group>";
		};
		0FE7B696226C989000662872 /* Follow */ = {
			isa = PBXGroup;
			children = (
				0FE7B6A3226C9AF200662872 /* Follow.storyboard */,
			);
			path = Follow;
			sourceTree = "<group>";
		};
		0FE7B697226C989000662872 /* Profile */ = {
			isa = PBXGroup;
			children = (
				0FE7B6A6226C9B1400662872 /* Profile.storyboard */,
			);
			path = Profile;
			sourceTree = "<group>";
		};
		0FE7B698226C989000662872 /* Live */ = {
			isa = PBXGroup;
			children = (
				0FE7B6A0226C9ACF00662872 /* Live.storyboard */,
			);
			path = Live;
			sourceTree = "<group>";
		};
		0FE7B699226C989000662872 /* Main */ = {
			isa = PBXGroup;
			children = (
				0F81200D226D621E00324330 /* Model */,
				0F812010226D621E00324330 /* View */,
				0F81200E226D621E00324330 /* Controller */,
			);
			path = Main;
			sourceTree = "<group>";
		};
/* End PBXGroup section */

/* Begin PBXNativeTarget section */
		0F8BE0DF226C2555001CE3A3 /* DouYuZhiBo */ = {
			isa = PBXNativeTarget;
			buildConfigurationList = 0F8BE108226C2557001CE3A3 /* Build configuration list for PBXNativeTarget "DouYuZhiBo" */;
			buildPhases = (
				0F8BE0DC226C2555001CE3A3 /* Sources */,
				0F8BE0DD226C2555001CE3A3 /* Frameworks */,
				0F8BE0DE226C2555001CE3A3 /* Resources */,
			);
			buildRules = (
			);
			dependencies = (
			);
			name = DouYuZhiBo;
			productName = DouYuZhiBo;
			productReference = 0F8BE0E0226C2555001CE3A3 /* DouYuZhiBo.app */;
			productType = "com.apple.product-type.application";
		};
		0F8BE0F3226C2557001CE3A3 /* DouYuZhiBoTests */ = {
			isa = PBXNativeTarget;
			buildConfigurationList = 0F8BE10B226C2557001CE3A3 /* Build configuration list for PBXNativeTarget "DouYuZhiBoTests" */;
			buildPhases = (
				0F8BE0F0226C2557001CE3A3 /* Sources */,
				0F8BE0F1226C2557001CE3A3 /* Frameworks */,
				0F8BE0F2226C2557001CE3A3 /* Resources */,
			);
			buildRules = (
			);
			dependencies = (
				0F8BE0F6226C2557001CE3A3 /* PBXTargetDependency */,
			);
			name = DouYuZhiBoTests;
			productName = DouYuZhiBoTests;
			productReference = 0F8BE0F4226C2557001CE3A3 /* DouYuZhiBoTests.xctest */;
			productType = "com.apple.product-type.bundle.unit-test";
		};
		0F8BE0FE226C2557001CE3A3 /* DouYuZhiBoUITests */ = {
			isa = PBXNativeTarget;
			buildConfigurationList = 0F8BE10E226C2557001CE3A3 /* Build configuration list for PBXNativeTarget "DouYuZhiBoUITests" */;
			buildPhases = (
				0F8BE0FB226C2557001CE3A3 /* Sources */,
				0F8BE0FC226C2557001CE3A3 /* Frameworks */,
				0F8BE0FD226C2557001CE3A3 /* Resources */,
			);
			buildRules = (
			);
			dependencies = (
				0F8BE101226C2557001CE3A3 /* PBXTargetDependency */,
			);
			name = DouYuZhiBoUITests;
			productName = DouYuZhiBoUITests;
			productReference = 0F8BE0FF226C2557001CE3A3 /* DouYuZhiBoUITests.xctest */;
			productType = "com.apple.product-type.bundle.ui-testing";
		};
/* End PBXNativeTarget section */

/* Begin PBXProject section */
		0F8BE0D8226C2555001CE3A3 /* Project object */ = {
			isa = PBXProject;
			attributes = {
				LastSwiftUpdateCheck = 1020;
				LastUpgradeCheck = 1020;
				ORGANIZATIONNAME = "Fat brother";
				TargetAttributes = {
					0F8BE0DF226C2555001CE3A3 = {
						CreatedOnToolsVersion = 10.2.1;
					};
					0F8BE0F3226C2557001CE3A3 = {
						CreatedOnToolsVersion = 10.2.1;
						TestTargetID = 0F8BE0DF226C2555001CE3A3;
					};
					0F8BE0FE226C2557001CE3A3 = {
						CreatedOnToolsVersion = 10.2.1;
						TestTargetID = 0F8BE0DF226C2555001CE3A3;
					};
				};
			};
			buildConfigurationList = 0F8BE0DB226C2555001CE3A3 /* Build configuration list for PBXProject "DouYuZhiBo" */;
			compatibilityVersion = "Xcode 9.3";
			developmentRegion = en;
			hasScannedForEncodings = 0;
			knownRegions = (
				en,
				Base,
			);
			mainGroup = 0F8BE0D7226C2555001CE3A3;
			productRefGroup = 0F8BE0E1226C2555001CE3A3 /* Products */;
			projectDirPath = "";
			projectRoot = "";
			targets = (
				0F8BE0DF226C2555001CE3A3 /* DouYuZhiBo */,
				0F8BE0F3226C2557001CE3A3 /* DouYuZhiBoTests */,
				0F8BE0FE226C2557001CE3A3 /* DouYuZhiBoUITests */,
			);
		};
/* End PBXProject section */

/* Begin PBXResourcesBuildPhase section */
		0F8BE0DE226C2555001CE3A3 /* Resources */ = {
			isa = PBXResourcesBuildPhase;
			buildActionMask = 2147483647;
			files = (
				0F81201B226D630C00324330 /* Home.storyboard in Resources */,
				0F812014226D624900324330 /* Main.storyboard in Resources */,
				0F8BE0EE226C2557001CE3A3 /* LaunchScreen.storyboard in Resources */,
				0F8BE0EB226C2557001CE3A3 /* Assets.xcassets in Resources */,
				0FAE921122707935007FCC40 /* FSCollectionPrettyCell.xib in Resources */,
				0FCC3F96226F3EF500050CF6 /* FSCollectionHeaderView.xib in Resources */,
				0FE7B6A2226C9ACF00662872 /* Live.storyboard in Resources */,
				0FE7B6A8226C9B1400662872 /* Profile.storyboard in Resources */,
				0FAE920A22702523007FCC40 /* FSCollectionNormalCell.xib in Resources */,
				0FE7B6A5226C9AF200662872 /* Follow.storyboard in Resources */,
			);
			runOnlyForDeploymentPostprocessing = 0;
		};
		0F8BE0F2226C2557001CE3A3 /* Resources */ = {
			isa = PBXResourcesBuildPhase;
			buildActionMask = 2147483647;
			files = (
			);
			runOnlyForDeploymentPostprocessing = 0;
		};
		0F8BE0FD226C2557001CE3A3 /* Resources */ = {
			isa = PBXResourcesBuildPhase;
			buildActionMask = 2147483647;
			files = (
			);
			runOnlyForDeploymentPostprocessing = 0;
		};
/* End PBXResourcesBuildPhase section */

/* Begin PBXSourcesBuildPhase section */
		0F8BE0DC226C2555001CE3A3 /* Sources */ = {
			isa = PBXSourcesBuildPhase;
			buildActionMask = 2147483647;
			files = (
				0FAE921022707935007FCC40 /* FSCollectionPrettyCell.swift in Sources */,
				0FCC3F92226F1F2E00050CF6 /* FSRecommendVC.swift in Sources */,
				0F812011226D621E00324330 /* FSMainViewController.swift in Sources */,
				0F812030226DADF500324330 /* UIColor-Extension.swift in Sources */,
				0F8BE0E4226C2555001CE3A3 /* AppDelegate.swift in Sources */,
				0FCC3F95226F3EF500050CF6 /* FSCollectionHeaderView.swift in Sources */,
				0F812028226D83D600324330 /* UIBarButtonItem-Extension.swift in Sources */,
				0FAE920922702523007FCC40 /* FSCollectionNormalCell.swift in Sources */,
				0F81201D226D69A900324330 /* FSHomeVC.swift in Sources */,
				0F81202C226D8AF600324330 /* Common.swift in Sources */,
				0F81202A226D85D600324330 /* FSPageTitleView.swift in Sources */,
				0F81202E226DA77700324330 /* FSPageContentView.swift in Sources */,
			);
			runOnlyForDeploymentPostprocessing = 0;
		};
		0F8BE0F0226C2557001CE3A3 /* Sources */ = {
			isa = PBXSourcesBuildPhase;
			buildActionMask = 2147483647;
			files = (
			);
			runOnlyForDeploymentPostprocessing = 0;
		};
		0F8BE0FB226C2557001CE3A3 /* Sources */ = {
			isa = PBXSourcesBuildPhase;
			buildActionMask = 2147483647;
			files = (
			);
			runOnlyForDeploymentPostprocessing = 0;
		};
/* End PBXSourcesBuildPhase section */

/* Begin PBXTargetDependency section */
		0F8BE0F6226C2557001CE3A3 /* PBXTargetDependency */ = {
			isa = PBXTargetDependency;
			target = 0F8BE0DF226C2555001CE3A3 /* DouYuZhiBo */;
			targetProxy = 0F8BE0F5226C2557001CE3A3 /* PBXContainerItemProxy */;
		};
		0F8BE101226C2557001CE3A3 /* PBXTargetDependency */ = {
			isa = PBXTargetDependency;
			target = 0F8BE0DF226C2555001CE3A3 /* DouYuZhiBo */;
			targetProxy = 0F8BE100226C2557001CE3A3 /* PBXContainerItemProxy */;
		};
/* End PBXTargetDependency section */

/* Begin PBXVariantGroup section */
		0F812012226D624900324330 /* Main.storyboard */ = {
			isa = PBXVariantGroup;
			children = (
				0F812013226D624900324330 /* Base */,
			);
			name = Main.storyboard;
			sourceTree = "<group>";
		};
		0F812019226D630C00324330 /* Home.storyboard */ = {
			isa = PBXVariantGroup;
			children = (
				0F81201A226D630C00324330 /* Base */,
			);
			name = Home.storyboard;
			sourceTree = "<group>";
		};
		0F8BE0EC226C2557001CE3A3 /* LaunchScreen.storyboard */ = {
			isa = PBXVariantGroup;
			children = (
				0F8BE0ED226C2557001CE3A3 /* Base */,
			);
			name = LaunchScreen.storyboard;
			sourceTree = "<group>";
		};
		0FE7B6A0226C9ACF00662872 /* Live.storyboard */ = {
			isa = PBXVariantGroup;
			children = (
				0FE7B6A1226C9ACF00662872 /* Base */,
			);
			name = Live.storyboard;
			sourceTree = "<group>";
		};
		0FE7B6A3226C9AF200662872 /* Follow.storyboard */ = {
			isa = PBXVariantGroup;
			children = (
				0FE7B6A4226C9AF200662872 /* Base */,
			);
			name = Follow.storyboard;
			sourceTree = "<group>";
		};
		0FE7B6A6226C9B1400662872 /* Profile.storyboard */ = {
			isa = PBXVariantGroup;
			children = (
				0FE7B6A7226C9B1400662872 /* Base */,
			);
			name = Profile.storyboard;
			sourceTree = "<group>";
		};
/* End PBXVariantGroup section */

/* Begin XCBuildConfiguration section */
		0F8BE106226C2557001CE3A3 /* Debug */ = {
			isa = XCBuildConfiguration;
			buildSettings = {
				ALWAYS_SEARCH_USER_PATHS = NO;
				CLANG_ANALYZER_NONNULL = YES;
				CLANG_ANALYZER_NUMBER_OBJECT_CONVERSION = YES_AGGRESSIVE;
				CLANG_CXX_LANGUAGE_STANDARD = "gnu++14";
				CLANG_CXX_LIBRARY = "libc++";
				CLANG_ENABLE_MODULES = YES;
				CLANG_ENABLE_OBJC_ARC = YES;
				CLANG_ENABLE_OBJC_WEAK = YES;
				CLANG_WARN_BLOCK_CAPTURE_AUTORELEASING = YES;
				CLANG_WARN_BOOL_CONVERSION = YES;
				CLANG_WARN_COMMA = YES;
				CLANG_WARN_CONSTANT_CONVERSION = YES;
				CLANG_WARN_DEPRECATED_OBJC_IMPLEMENTATIONS = YES;
				CLANG_WARN_DIRECT_OBJC_ISA_USAGE = YES_ERROR;
				CLANG_WARN_DOCUMENTATION_COMMENTS = YES;
				CLANG_WARN_EMPTY_BODY = YES;
				CLANG_WARN_ENUM_CONVERSION = YES;
				CLANG_WARN_INFINITE_RECURSION = YES;
				CLANG_WARN_INT_CONVERSION = YES;
				CLANG_WARN_NON_LITERAL_NULL_CONVERSION = YES;
				CLANG_WARN_OBJC_IMPLICIT_RETAIN_SELF = YES;
				CLANG_WARN_OBJC_LITERAL_CONVERSION = YES;
				CLANG_WARN_OBJC_ROOT_CLASS = YES_ERROR;
				CLANG_WARN_RANGE_LOOP_ANALYSIS = YES;
				CLANG_WARN_STRICT_PROTOTYPES = YES;
				CLANG_WARN_SUSPICIOUS_MOVE = YES;
				CLANG_WARN_UNGUARDED_AVAILABILITY = YES_AGGRESSIVE;
				CLANG_WARN_UNREACHABLE_CODE = YES;
				CLANG_WARN__DUPLICATE_METHOD_MATCH = YES;
				CODE_SIGN_IDENTITY = "iPhone Developer";
				COPY_PHASE_STRIP = NO;
				DEBUG_INFORMATION_FORMAT = dwarf;
				ENABLE_STRICT_OBJC_MSGSEND = YES;
				ENABLE_TESTABILITY = YES;
				GCC_C_LANGUAGE_STANDARD = gnu11;
				GCC_DYNAMIC_NO_PIC = NO;
				GCC_NO_COMMON_BLOCKS = YES;
				GCC_OPTIMIZATION_LEVEL = 0;
				GCC_PREPROCESSOR_DEFINITIONS = (
					"DEBUG=1",
					"$(inherited)",
				);
				GCC_WARN_64_TO_32_BIT_CONVERSION = YES;
				GCC_WARN_ABOUT_RETURN_TYPE = YES_ERROR;
				GCC_WARN_UNDECLARED_SELECTOR = YES;
				GCC_WARN_UNINITIALIZED_AUTOS = YES_AGGRESSIVE;
				GCC_WARN_UNUSED_FUNCTION = YES;
				GCC_WARN_UNUSED_VARIABLE = YES;
				IPHONEOS_DEPLOYMENT_TARGET = 12.2;
				MTL_ENABLE_DEBUG_INFO = INCLUDE_SOURCE;
				MTL_FAST_MATH = YES;
				ONLY_ACTIVE_ARCH = YES;
				SDKROOT = iphoneos;
				SWIFT_ACTIVE_COMPILATION_CONDITIONS = DEBUG;
				SWIFT_OPTIMIZATION_LEVEL = "-Onone";
			};
			name = Debug;
		};
		0F8BE107226C2557001CE3A3 /* Release */ = {
			isa = XCBuildConfiguration;
			buildSettings = {
				ALWAYS_SEARCH_USER_PATHS = NO;
				CLANG_ANALYZER_NONNULL = YES;
				CLANG_ANALYZER_NUMBER_OBJECT_CONVERSION = YES_AGGRESSIVE;
				CLANG_CXX_LANGUAGE_STANDARD = "gnu++14";
				CLANG_CXX_LIBRARY = "libc++";
				CLANG_ENABLE_MODULES = YES;
				CLANG_ENABLE_OBJC_ARC = YES;
				CLANG_ENABLE_OBJC_WEAK = YES;
				CLANG_WARN_BLOCK_CAPTURE_AUTORELEASING = YES;
				CLANG_WARN_BOOL_CONVERSION = YES;
				CLANG_WARN_COMMA = YES;
				CLANG_WARN_CONSTANT_CONVERSION = YES;
				CLANG_WARN_DEPRECATED_OBJC_IMPLEMENTATIONS = YES;
				CLANG_WARN_DIRECT_OBJC_ISA_USAGE = YES_ERROR;
				CLANG_WARN_DOCUMENTATION_COMMENTS = YES;
				CLANG_WARN_EMPTY_BODY = YES;
				CLANG_WARN_ENUM_CONVERSION = YES;
				CLANG_WARN_INFINITE_RECURSION = YES;
				CLANG_WARN_INT_CONVERSION = YES;
				CLANG_WARN_NON_LITERAL_NULL_CONVERSION = YES;
				CLANG_WARN_OBJC_IMPLICIT_RETAIN_SELF = YES;
				CLANG_WARN_OBJC_LITERAL_CONVERSION = YES;
				CLANG_WARN_OBJC_ROOT_CLASS = YES_ERROR;
				CLANG_WARN_RANGE_LOOP_ANALYSIS = YES;
				CLANG_WARN_STRICT_PROTOTYPES = YES;
				CLANG_WARN_SUSPICIOUS_MOVE = YES;
				CLANG_WARN_UNGUARDED_AVAILABILITY = YES_AGGRESSIVE;
				CLANG_WARN_UNREACHABLE_CODE = YES;
				CLANG_WARN__DUPLICATE_METHOD_MATCH = YES;
				CODE_SIGN_IDENTITY = "iPhone Developer";
				COPY_PHASE_STRIP = NO;
				DEBUG_INFORMATION_FORMAT = "dwarf-with-dsym";
				ENABLE_NS_ASSERTIONS = NO;
				ENABLE_STRICT_OBJC_MSGSEND = YES;
				GCC_C_LANGUAGE_STANDARD = gnu11;
				GCC_NO_COMMON_BLOCKS = YES;
				GCC_WARN_64_TO_32_BIT_CONVERSION = YES;
				GCC_WARN_ABOUT_RETURN_TYPE = YES_ERROR;
				GCC_WARN_UNDECLARED_SELECTOR = YES;
				GCC_WARN_UNINITIALIZED_AUTOS = YES_AGGRESSIVE;
				GCC_WARN_UNUSED_FUNCTION = YES;
				GCC_WARN_UNUSED_VARIABLE = YES;
				IPHONEOS_DEPLOYMENT_TARGET = 12.2;
				MTL_ENABLE_DEBUG_INFO = NO;
				MTL_FAST_MATH = YES;
				SDKROOT = iphoneos;
				SWIFT_COMPILATION_MODE = wholemodule;
				SWIFT_OPTIMIZATION_LEVEL = "-O";
				VALIDATE_PRODUCT = YES;
			};
			name = Release;
		};
		0F8BE109226C2557001CE3A3 /* Debug */ = {
			isa = XCBuildConfiguration;
			buildSettings = {
				ASSETCATALOG_COMPILER_APPICON_NAME = AppIcon;
				ASSETCATALOG_COMPILER_LAUNCHIMAGE_NAME = LaunchImage;
				CODE_SIGN_STYLE = Automatic;
				DEVELOPMENT_TEAM = "";
				INFOPLIST_FILE = DouYuZhiBo/Info.plist;
				IPHONEOS_DEPLOYMENT_TARGET = 8.0;
				LD_RUNPATH_SEARCH_PATHS = (
					"$(inherited)",
					"@executable_path/Frameworks",
				);
				PRODUCT_BUNDLE_IDENTIFIER = com.tianqikeji.www.DouYuZhiBo;
				PRODUCT_NAME = "$(TARGET_NAME)";
				SWIFT_VERSION = 5.0;
				TARGETED_DEVICE_FAMILY = 1;
			};
			name = Debug;
		};
		0F8BE10A226C2557001CE3A3 /* Release */ = {
			isa = XCBuildConfiguration;
			buildSettings = {
				ASSETCATALOG_COMPILER_APPICON_NAME = AppIcon;
				ASSETCATALOG_COMPILER_LAUNCHIMAGE_NAME = LaunchImage;
				CODE_SIGN_STYLE = Automatic;
				DEVELOPMENT_TEAM = "";
				INFOPLIST_FILE = DouYuZhiBo/Info.plist;
				IPHONEOS_DEPLOYMENT_TARGET = 8.0;
				LD_RUNPATH_SEARCH_PATHS = (
					"$(inherited)",
					"@executable_path/Frameworks",
				);
				PRODUCT_BUNDLE_IDENTIFIER = com.tianqikeji.www.DouYuZhiBo;
				PRODUCT_NAME = "$(TARGET_NAME)";
				SWIFT_VERSION = 5.0;
				TARGETED_DEVICE_FAMILY = 1;
			};
			name = Release;
		};
		0F8BE10C226C2557001CE3A3 /* Debug */ = {
			isa = XCBuildConfiguration;
			buildSettings = {
				ALWAYS_EMBED_SWIFT_STANDARD_LIBRARIES = YES;
				BUNDLE_LOADER = "$(TEST_HOST)";
				CODE_SIGN_STYLE = Automatic;
				DEVELOPMENT_TEAM = FP3TC6D5S9;
				INFOPLIST_FILE = DouYuZhiBoTests/Info.plist;
				LD_RUNPATH_SEARCH_PATHS = (
					"$(inherited)",
					"@executable_path/Frameworks",
					"@loader_path/Frameworks",
				);
				PRODUCT_BUNDLE_IDENTIFIER = com.tianqikeji.www.DouYuZhiBoTests;
				PRODUCT_NAME = "$(TARGET_NAME)";
				SWIFT_VERSION = 5.0;
				TARGETED_DEVICE_FAMILY = "1,2";
				TEST_HOST = "$(BUILT_PRODUCTS_DIR)/DouYuZhiBo.app/DouYuZhiBo";
			};
			name = Debug;
		};
		0F8BE10D226C2557001CE3A3 /* Release */ = {
			isa = XCBuildConfiguration;
			buildSettings = {
				ALWAYS_EMBED_SWIFT_STANDARD_LIBRARIES = YES;
				BUNDLE_LOADER = "$(TEST_HOST)";
				CODE_SIGN_STYLE = Automatic;
				DEVELOPMENT_TEAM = FP3TC6D5S9;
				INFOPLIST_FILE = DouYuZhiBoTests/Info.plist;
				LD_RUNPATH_SEARCH_PATHS = (
					"$(inherited)",
					"@executable_path/Frameworks",
					"@loader_path/Frameworks",
				);
				PRODUCT_BUNDLE_IDENTIFIER = com.tianqikeji.www.DouYuZhiBoTests;
				PRODUCT_NAME = "$(TARGET_NAME)";
				SWIFT_VERSION = 5.0;
				TARGETED_DEVICE_FAMILY = "1,2";
				TEST_HOST = "$(BUILT_PRODUCTS_DIR)/DouYuZhiBo.app/DouYuZhiBo";
			};
			name = Release;
		};
		0F8BE10F226C2557001CE3A3 /* Debug */ = {
			isa = XCBuildConfiguration;
			buildSettings = {
				ALWAYS_EMBED_SWIFT_STANDARD_LIBRARIES = YES;
				CODE_SIGN_STYLE = Automatic;
				DEVELOPMENT_TEAM = FP3TC6D5S9;
				INFOPLIST_FILE = DouYuZhiBoUITests/Info.plist;
				LD_RUNPATH_SEARCH_PATHS = (
					"$(inherited)",
					"@executable_path/Frameworks",
					"@loader_path/Frameworks",
				);
				PRODUCT_BUNDLE_IDENTIFIER = com.tianqikeji.www.DouYuZhiBoUITests;
				PRODUCT_NAME = "$(TARGET_NAME)";
				SWIFT_VERSION = 5.0;
				TARGETED_DEVICE_FAMILY = "1,2";
				TEST_TARGET_NAME = DouYuZhiBo;
			};
			name = Debug;
		};
		0F8BE110226C2557001CE3A3 /* Release */ = {
			isa = XCBuildConfiguration;
			buildSettings = {
				ALWAYS_EMBED_SWIFT_STANDARD_LIBRARIES = YES;
				CODE_SIGN_STYLE = Automatic;
				DEVELOPMENT_TEAM = FP3TC6D5S9;
				INFOPLIST_FILE = DouYuZhiBoUITests/Info.plist;
				LD_RUNPATH_SEARCH_PATHS = (
					"$(inherited)",
					"@executable_path/Frameworks",
					"@loader_path/Frameworks",
				);
				PRODUCT_BUNDLE_IDENTIFIER = com.tianqikeji.www.DouYuZhiBoUITests;
				PRODUCT_NAME = "$(TARGET_NAME)";
				SWIFT_VERSION = 5.0;
				TARGETED_DEVICE_FAMILY = "1,2";
				TEST_TARGET_NAME = DouYuZhiBo;
			};
			name = Release;
		};
/* End XCBuildConfiguration section */

/* Begin XCConfigurationList section */
		0F8BE0DB226C2555001CE3A3 /* Build configuration list for PBXProject "DouYuZhiBo" */ = {
			isa = XCConfigurationList;
			buildConfigurations = (
				0F8BE106226C2557001CE3A3 /* Debug */,
				0F8BE107226C2557001CE3A3 /* Release */,
			);
			defaultConfigurationIsVisible = 0;
			defaultConfigurationName = Release;
		};
		0F8BE108226C2557001CE3A3 /* Build configuration list for PBXNativeTarget "DouYuZhiBo" */ = {
			isa = XCConfigurationList;
			buildConfigurations = (
				0F8BE109226C2557001CE3A3 /* Debug */,
				0F8BE10A226C2557001CE3A3 /* Release */,
			);
			defaultConfigurationIsVisible = 0;
			defaultConfigurationName = Release;
		};
		0F8BE10B226C2557001CE3A3 /* Build configuration list for PBXNativeTarget "DouYuZhiBoTests" */ = {
			isa = XCConfigurationList;
			buildConfigurations = (
				0F8BE10C226C2557001CE3A3 /* Debug */,
				0F8BE10D226C2557001CE3A3 /* Release */,
			);
			defaultConfigurationIsVisible = 0;
			defaultConfigurationName = Release;
		};
		0F8BE10E226C2557001CE3A3 /* Build configuration list for PBXNativeTarget "DouYuZhiBoUITests" */ = {
			isa = XCConfigurationList;
			buildConfigurations = (
				0F8BE10F226C2557001CE3A3 /* Debug */,
				0F8BE110226C2557001CE3A3 /* Release */,
			);
			defaultConfigurationIsVisible = 0;
			defaultConfigurationName = Release;
		};
/* End XCConfigurationList section */
	};
	rootObject = 0F8BE0D8226C2555001CE3A3 /* Project object */;
}
